# This file is autogenerated, do not edit; changes may be undone by the next 'dep ensure'.


[[projects]]
  branch = "master"
  name = "github.com/googollee/go-engine.io"
  packages = [".","message","parser","polling","transport","websocket"]
  revision = "e2f255711dcb2ea41e42c6d9d98c172d7edf6509"

[[projects]]
  branch = "master"
  name = "github.com/googollee/go-socket.io"
  packages = ["."]
  revision = "c8aeb1ed9b49d7de8fef8662efb18f1d289c5f2e"

[[projects]]
  name = "github.com/gorilla/websocket"
  packages = ["."]
  revision = "66b9c49e59c6c48f0ffce28c2d8b8a5678502c6d"
  version = "v1.4.0"

[[projects]]
  branch = "master"
  name = "github.com/kataras/golog"
  packages = ["."]
  revision = "03be101463868edc5a81f094fc68a5f6c1b5503a"

[[projects]]
  branch = "master"
  name = "github.com/kataras/pio"
  packages = [".","terminal"]
  revision = "a9733b5b6b83d32b479aacd51d26ef6018261963"

[[projects]]
  name = "github.com/konsorten/go-windows-terminal-sequences"
  packages = ["."]
  revision = "5c8c8bd35d3832f5d134ae1e1e375b69a4d25242"
  version = "v1.0.1"

[[projects]]
  branch = "master"
  name = "github.com/lestrrat/go-file-rotatelogs"
  packages = ["."]
  revision = "d3151e2a480fdcd05fb97102f5310a47d96274c4"

[[projects]]
  branch = "master"
  name = "github.com/lestrrat/go-strftime"
  packages = ["."]
  revision = "ba3bf9c1d0421aa146564a632931730344f1f9f1"

[[projects]]
  name = "github.com/pkg/errors"
  packages = ["."]
  revision = "645ef00459ed84a119197bfb8d8205042c6df63d"
  version = "v0.8.0"

[[projects]]
  name = "github.com/rifflock/lfshook"
  packages = ["."]
  revision = "b9218ef580f59a2e72dad1aa33d660150445d05a"
  version = "v2.4"

[[projects]]
  name = "github.com/sirupsen/logrus"
  packages = ["."]
  revision = "bcd833dfe83d3cebad139e4a29ed79cb2318bf95"
  version = "v1.2.0"

[[projects]]
  branch = "master"
  name = "golang.org/x/crypto"
  packages = ["ssh/terminal"]
  revision = "3d3f9f413869b949e48070b5bc593aa22cc2b8f2"

[[projects]]
  branch = "master"
  name = "golang.org/x/sys"
  packages = ["unix","windows"]
  revision = "0cf1ed9e522b7dbb416f080a5c8003de9b702bf4"

[solve-meta]
  analyzer-name = "dep"
  analyzer-version = 1
  inputs-digest = "00bc9ce1e598507a512981cd7324e65b162be7d0fd6c01884db394517682a8ba"
  solver-name = "gps-cdcl"
  solver-version = 1
