# This file is autogenerated, do not edit; changes may be undone by the next 'dep ensure'.


[[projects]]
  branch = "master"
  name = "github.com/kataras/golog"
  packages = ["."]
  revision = "03be101463868edc5a81f094fc68a5f6c1b5503a"

[[projects]]
  branch = "master"
  name = "github.com/kataras/pio"
  packages = [".","terminal"]
  revision = "a9733b5b6b83d32b479aacd51d26ef6018261963"

[[projects]]
  branch = "master"
  name = "golang.org/x/sys"
  packages = ["unix"]
  revision = "fa43e7bc11baaae89f3f902b2b4d832b68234844"

[solve-meta]
  analyzer-name = "dep"
  analyzer-version = 1
  inputs-digest = "8a0add3c201142fe3c658dcc9a579fab5264e2f46eb48a2e4cf4e1fa11f6e6ba"
  solver-name = "gps-cdcl"
  solver-version = 1
